
Microsoft Visual Studio Solution File, Format Version 12.00
# Visual Studio Version 17
VisualStudioVersion = 17.9.34622.214
MinimumVisualStudioVersion = 10.0.40219.1
Project("{FAE04EC0-301F-11D3-BF4B-00C04F79EFBC}") = "WatermarkApp", "WatermarkApp\WatermarkApp.csproj", "{D3749F6E-DC18-42C5-948F-FE4BEBC249FB}"
EndProject
Global
	GlobalSection(SolutionConfigurationPlatforms) = preSolution
		Debug|Any CPU = Debug|Any CPU
		Release|Any CPU = Release|Any CPU
	EndGlobalSection
	GlobalSection(ProjectConfigurationPlatforms) = postSolution
		{D3749F6E-DC18-42C5-948F-FE4BEBC249FB}.Debug|Any CPU.ActiveCfg = Debug|Any CPU
		{D3749F6E-DC18-42C5-948F-FE4BEBC249FB}.Debug|Any CPU.Build.0 = Debug|Any CPU
		{D3749F6E-DC18-42C5-948F-FE4BEBC249FB}.Release|Any CPU.ActiveCfg = Release|Any CPU
		{D3749F6E-DC18-42C5-948F-FE4BEBC249FB}.Release|Any CPU.Build.0 = Release|Any CPU
	EndGlobalSection
	GlobalSection(SolutionProperties) = preSolution
		HideSolutionNode = FALSE
	EndGlobalSection
	GlobalSection(ExtensibilityGlobals) = postSolution
		SolutionGuid = {9AE0A2F7-4F15-49C2-9E55-276627E178B2}
	EndGlobalSection
EndGlobal
